// !$*UTF8*$!
{
	archiveVersion = 1;
	classes = {
	};
	objectVersion = 56;
	objects = {

/* Begin PBXBuildFile section */
		EB01186D296DEC3C0036A8FD /* GraphCapsule.swift in Sources */ = {isa = PBXBuildFile; fileRef = EB011869296DEC3C0036A8FD /* GraphCapsule.swift */; };
		EB01186E296DEC3C0036A8FD /* HikeGraph.swift in Sources */ = {isa = PBXBuildFile; fileRef = EB01186A296DEC3C0036A8FD /* HikeGraph.swift */; };
		EB01186F296DEC3C0036A8FD /* HikeDetail.swift in Sources */ = {isa = PBXBuildFile; fileRef = EB01186B296DEC3C0036A8FD /* HikeDetail.swift */; };
		EB011870296DEC3C0036A8FD /* HikeView.swift in Sources */ = {isa = PBXBuildFile; fileRef = EB01186C296DEC3C0036A8FD /* HikeView.swift */; };
		EB011873296F580F0036A8FD /* CategoryHome.swift in Sources */ = {isa = PBXBuildFile; fileRef = EB011872296F580F0036A8FD /* CategoryHome.swift */; };
		EB2DE59729688AFD00881ABC /* ModelData.swift in Sources */ = {isa = PBXBuildFile; fileRef = EB2DE59629688AFD00881ABC /* ModelData.swift */; };
		EB2DE59B29689EE000881ABC /* LadmarkRow.swift in Sources */ = {isa = PBXBuildFile; fileRef = EB2DE59A29689EE000881ABC /* LadmarkRow.swift */; };
		EB2DE59D2968C0DA00881ABC /* LandmarkList.swift in Sources */ = {isa = PBXBuildFile; fileRef = EB2DE59C2968C0DA00881ABC /* LandmarkList.swift */; };
		EB2DE59F2968C8F300881ABC /* LandmarkDetail.swift in Sources */ = {isa = PBXBuildFile; fileRef = EB2DE59E2968C8F300881ABC /* LandmarkDetail.swift */; };
		EB2DE5A1296C768F00881ABC /* FavoriteButton.swift in Sources */ = {isa = PBXBuildFile; fileRef = EB2DE5A0296C768F00881ABC /* FavoriteButton.swift */; };
		EB2DE5A5296CA06800881ABC /* HexagonParameters.swift in Sources */ = {isa = PBXBuildFile; fileRef = EB2DE5A4296CA06800881ABC /* HexagonParameters.swift */; };
		EB2DE5A7296CB30600881ABC /* BadgeBackground.swift in Sources */ = {isa = PBXBuildFile; fileRef = EB2DE5A6296CB30600881ABC /* BadgeBackground.swift */; };
		EB2DE5A9296D5D9000881ABC /* BadgeSymbol.swift in Sources */ = {isa = PBXBuildFile; fileRef = EB2DE5A8296D5D9000881ABC /* BadgeSymbol.swift */; };
		EB2DE5AB296D72FD00881ABC /* RotatedBadgeSymbol.swift in Sources */ = {isa = PBXBuildFile; fileRef = EB2DE5AA296D72FD00881ABC /* RotatedBadgeSymbol.swift */; };
		EB2DE5AD296D86EB00881ABC /* Badge.swift in Sources */ = {isa = PBXBuildFile; fileRef = EB2DE5AC296D86EB00881ABC /* Badge.swift */; };
		EB5B5BB3296DC663004CB5D7 /* hikeData.json in Resources */ = {isa = PBXBuildFile; fileRef = EB5B5BB2296DC663004CB5D7 /* hikeData.json */; };
		EB5B5BB5296DC69F004CB5D7 /* Hike.swift in Sources */ = {isa = PBXBuildFile; fileRef = EB5B5BB4296DC69F004CB5D7 /* Hike.swift */; };
		EB7C19CE2972D1E6009E3C42 /* FeatureCard.swift in Sources */ = {isa = PBXBuildFile; fileRef = EB7C19CD2972D1E6009E3C42 /* FeatureCard.swift */; };
		EB7C19D029733BE6009E3C42 /* PageView.swift in Sources */ = {isa = PBXBuildFile; fileRef = EB7C19CF29733BE6009E3C42 /* PageView.swift */; };
		EB7C19D229735955009E3C42 /* PageControl.swift in Sources */ = {isa = PBXBuildFile; fileRef = EB7C19D129735955009E3C42 /* PageControl.swift */; };
		EB9D84B92968362000289C77 /* LandmarksApp.swift in Sources */ = {isa = PBXBuildFile; fileRef = EB9D84B82968362000289C77 /* LandmarksApp.swift */; };
		EB9D84BB2968362000289C77 /* ContentView.swift in Sources */ = {isa = PBXBuildFile; fileRef = EB9D84BA2968362000289C77 /* ContentView.swift */; };
		EB9D84BD2968362200289C77 /* Assets.xcassets in Resources */ = {isa = PBXBuildFile; fileRef = EB9D84BC2968362200289C77 /* Assets.xcassets */; };
		EB9D84C02968362200289C77 /* Preview Assets.xcassets in Resources */ = {isa = PBXBuildFile; fileRef = EB9D84BF2968362200289C77 /* Preview Assets.xcassets */; };
		EB9D84C92968682E00289C77 /* CircleImage.swift in Sources */ = {isa = PBXBuildFile; fileRef = EB9D84C82968682E00289C77 /* CircleImage.swift */; };
		EB9D84CB29686BA100289C77 /* MapView.swift in Sources */ = {isa = PBXBuildFile; fileRef = EB9D84CA29686BA100289C77 /* MapView.swift */; };
		EB9D84CD2968800D00289C77 /* landmarkData.json in Resources */ = {isa = PBXBuildFile; fileRef = EB9D84CC2968800C00289C77 /* landmarkData.json */; };
		EB9D84CF2968803A00289C77 /* Landmark.swift in Sources */ = {isa = PBXBuildFile; fileRef = EB9D84CE2968803A00289C77 /* Landmark.swift */; };
		EBABB771297027B60072B998 /* CategoryRow.swift in Sources */ = {isa = PBXBuildFile; fileRef = EBABB770297027B60072B998 /* CategoryRow.swift */; };
		EBABB773297053A90072B998 /* CategoryItem.swift in Sources */ = {isa = PBXBuildFile; fileRef = EBABB772297053A80072B998 /* CategoryItem.swift */; };
		EBABB7752970B4650072B998 /* Profile.swift in Sources */ = {isa = PBXBuildFile; fileRef = EBABB7742970B4650072B998 /* Profile.swift */; };
		EBABB7782970B5080072B998 /* ProfileHost.swift in Sources */ = {isa = PBXBuildFile; fileRef = EBABB7772970B5080072B998 /* ProfileHost.swift */; };
		EBABB77A2970B7010072B998 /* ProfileSummary.swift in Sources */ = {isa = PBXBuildFile; fileRef = EBABB7792970B7010072B998 /* ProfileSummary.swift */; };
		EBABB77C297148A70072B998 /* HikeBadge.swift in Sources */ = {isa = PBXBuildFile; fileRef = EBABB77B297148A70072B998 /* HikeBadge.swift */; };
		EBABB77E2971B7540072B998 /* ProfileEditor.swift in Sources */ = {isa = PBXBuildFile; fileRef = EBABB77D2971B7540072B998 /* ProfileEditor.swift */; };
		EBABB7812971F1BF0072B998 /* PageViewController.swift in Sources */ = {isa = PBXBuildFile; fileRef = EBABB7802971F1BF0072B998 /* PageViewController.swift */; };
/* End PBXBuildFile section */

/* Begin PBXFileReference section */
		EB011869296DEC3C0036A8FD /* GraphCapsule.swift */ = {isa = PBXFileReference; fileEncoding = 4; lastKnownFileType = sourcecode.swift; path = GraphCapsule.swift; sourceTree = "<group>"; };
		EB01186A296DEC3C0036A8FD /* HikeGraph.swift */ = {isa = PBXFileReference; fileEncoding = 4; lastKnownFileType = sourcecode.swift; path = HikeGraph.swift; sourceTree = "<group>"; };
		EB01186B296DEC3C0036A8FD /* HikeDetail.swift */ = {isa = PBXFileReference; fileEncoding = 4; lastKnownFileType = sourcecode.swift; path = HikeDetail.swift; sourceTree = "<group>"; };
		EB01186C296DEC3C0036A8FD /* HikeView.swift */ = {isa = PBXFileReference; fileEncoding = 4; lastKnownFileType = sourcecode.swift; path = HikeView.swift; sourceTree = "<group>"; };
		EB011872296F580F0036A8FD /* CategoryHome.swift */ = {isa = PBXFileReference; lastKnownFileType = sourcecode.swift; path = CategoryHome.swift; sourceTree = "<group>"; };
		EB2DE59629688AFD00881ABC /* ModelData.swift */ = {isa = PBXFileReference; lastKnownFileType = sourcecode.swift; path = ModelData.swift; sourceTree = "<group>"; };
		EB2DE59A29689EE000881ABC /* LadmarkRow.swift */ = {isa = PBXFileReference; lastKnownFileType = sourcecode.swift; path = LadmarkRow.swift; sourceTree = "<group>"; };
		EB2DE59C2968C0DA00881ABC /* LandmarkList.swift */ = {isa = PBXFileReference; lastKnownFileType = sourcecode.swift; path = LandmarkList.swift; sourceTree = "<group>"; };
		EB2DE59E2968C8F300881ABC /* LandmarkDetail.swift */ = {isa = PBXFileReference; lastKnownFileType = sourcecode.swift; path = LandmarkDetail.swift; sourceTree = "<group>"; };
		EB2DE5A0296C768F00881ABC /* FavoriteButton.swift */ = {isa = PBXFileReference; lastKnownFileType = sourcecode.swift; path = FavoriteButton.swift; sourceTree = "<group>"; };
		EB2DE5A4296CA06800881ABC /* HexagonParameters.swift */ = {isa = PBXFileReference; lastKnownFileType = sourcecode.swift; path = HexagonParameters.swift; sourceTree = "<group>"; };
		EB2DE5A6296CB30600881ABC /* BadgeBackground.swift */ = {isa = PBXFileReference; lastKnownFileType = sourcecode.swift; path = BadgeBackground.swift; sourceTree = "<group>"; };
		EB2DE5A8296D5D9000881ABC /* BadgeSymbol.swift */ = {isa = PBXFileReference; lastKnownFileType = sourcecode.swift; path = BadgeSymbol.swift; sourceTree = "<group>"; };
		EB2DE5AA296D72FD00881ABC /* RotatedBadgeSymbol.swift */ = {isa = PBXFileReference; lastKnownFileType = sourcecode.swift; path = RotatedBadgeSymbol.swift; sourceTree = "<group>"; };
		EB2DE5AC296D86EB00881ABC /* Badge.swift */ = {isa = PBXFileReference; lastKnownFileType = sourcecode.swift; path = Badge.swift; sourceTree = "<group>"; };
		EB5B5BB2296DC663004CB5D7 /* hikeData.json */ = {isa = PBXFileReference; fileEncoding = 4; lastKnownFileType = text.json; path = hikeData.json; sourceTree = "<group>"; };
		EB5B5BB4296DC69F004CB5D7 /* Hike.swift */ = {isa = PBXFileReference; lastKnownFileType = sourcecode.swift; path = Hike.swift; sourceTree = "<group>"; };
		EB7C19CD2972D1E6009E3C42 /* FeatureCard.swift */ = {isa = PBXFileReference; lastKnownFileType = sourcecode.swift; path = FeatureCard.swift; sourceTree = "<group>"; };
		EB7C19CF29733BE6009E3C42 /* PageView.swift */ = {isa = PBXFileReference; lastKnownFileType = sourcecode.swift; path = PageView.swift; sourceTree = "<group>"; };
		EB7C19D129735955009E3C42 /* PageControl.swift */ = {isa = PBXFileReference; lastKnownFileType = sourcecode.swift; path = PageControl.swift; sourceTree = "<group>"; };
		EB9D84B52968362000289C77 /* Landmarks.app */ = {isa = PBXFileReference; explicitFileType = wrapper.application; includeInIndex = 0; path = Landmarks.app; sourceTree = BUILT_PRODUCTS_DIR; };
		EB9D84B82968362000289C77 /* LandmarksApp.swift */ = {isa = PBXFileReference; lastKnownFileType = sourcecode.swift; path = LandmarksApp.swift; sourceTree = "<group>"; };
		EB9D84BA2968362000289C77 /* ContentView.swift */ = {isa = PBXFileReference; lastKnownFileType = sourcecode.swift; path = ContentView.swift; sourceTree = "<group>"; };
		EB9D84BC2968362200289C77 /* Assets.xcassets */ = {isa = PBXFileReference; lastKnownFileType = folder.assetcatalog; path = Assets.xcassets; sourceTree = "<group>"; };
		EB9D84BF2968362200289C77 /* Preview Assets.xcassets */ = {isa = PBXFileReference; lastKnownFileType = folder.assetcatalog; path = "Preview Assets.xcassets"; sourceTree = "<group>"; };
		EB9D84C82968682E00289C77 /* CircleImage.swift */ = {isa = PBXFileReference; lastKnownFileType = sourcecode.swift; path = CircleImage.swift; sourceTree = "<group>"; };
		EB9D84CA29686BA100289C77 /* MapView.swift */ = {isa = PBXFileReference; lastKnownFileType = sourcecode.swift; path = MapView.swift; sourceTree = "<group>"; };
		EB9D84CC2968800C00289C77 /* landmarkData.json */ = {isa = PBXFileReference; fileEncoding = 4; lastKnownFileType = text.json; path = landmarkData.json; sourceTree = "<group>"; };
		EB9D84CE2968803A00289C77 /* Landmark.swift */ = {isa = PBXFileReference; lastKnownFileType = sourcecode.swift; path = Landmark.swift; sourceTree = "<group>"; };
		EBABB770297027B60072B998 /* CategoryRow.swift */ = {isa = PBXFileReference; lastKnownFileType = sourcecode.swift; path = CategoryRow.swift; sourceTree = "<group>"; };
		EBABB772297053A80072B998 /* CategoryItem.swift */ = {isa = PBXFileReference; lastKnownFileType = sourcecode.swift; path = CategoryItem.swift; sourceTree = "<group>"; };
		EBABB7742970B4650072B998 /* Profile.swift */ = {isa = PBXFileReference; lastKnownFileType = sourcecode.swift; path = Profile.swift; sourceTree = "<group>"; };
		EBABB7772970B5080072B998 /* ProfileHost.swift */ = {isa = PBXFileReference; lastKnownFileType = sourcecode.swift; path = ProfileHost.swift; sourceTree = "<group>"; };
		EBABB7792970B7010072B998 /* ProfileSummary.swift */ = {isa = PBXFileReference; lastKnownFileType = sourcecode.swift; path = ProfileSummary.swift; sourceTree = "<group>"; };
		EBABB77B297148A70072B998 /* HikeBadge.swift */ = {isa = PBXFileReference; lastKnownFileType = sourcecode.swift; path = HikeBadge.swift; sourceTree = "<group>"; };
		EBABB77D2971B7540072B998 /* ProfileEditor.swift */ = {isa = PBXFileReference; lastKnownFileType = sourcecode.swift; path = ProfileEditor.swift; sourceTree = "<group>"; };
		EBABB7802971F1BF0072B998 /* PageViewController.swift */ = {isa = PBXFileReference; lastKnownFileType = sourcecode.swift; path = PageViewController.swift; sourceTree = "<group>"; };
/* End PBXFileReference section */

/* Begin PBXFrameworksBuildPhase section */
		EB9D84B22968362000289C77 /* Frameworks */ = {
			isa = PBXFrameworksBuildPhase;
			buildActionMask = 2147483647;
			files = (
			);
			runOnlyForDeploymentPostprocessing = 0;
		};
/* End PBXFrameworksBuildPhase section */

/* Begin PBXGroup section */
		EB011868296DEC3C0036A8FD /* Hikes */ = {
			isa = PBXGroup;
			children = (
				EB011869296DEC3C0036A8FD /* GraphCapsule.swift */,
				EB01186A296DEC3C0036A8FD /* HikeGraph.swift */,
				EB01186B296DEC3C0036A8FD /* HikeDetail.swift */,
				EB01186C296DEC3C0036A8FD /* HikeView.swift */,
				EBABB77B297148A70072B998 /* HikeBadge.swift */,
			);
			path = Hikes;
			sourceTree = "<group>";
		};
		EB011871296F57E40036A8FD /* Categories */ = {
			isa = PBXGroup;
			children = (
				EB011872296F580F0036A8FD /* CategoryHome.swift */,
			);
			path = Categories;
			sourceTree = "<group>";
		};
		EB2DE59829688FD400881ABC /* Model */ = {
			isa = PBXGroup;
			children = (
				EB9D84CE2968803A00289C77 /* Landmark.swift */,
				EB2DE59629688AFD00881ABC /* ModelData.swift */,
				EB5B5BB4296DC69F004CB5D7 /* Hike.swift */,
				EBABB7742970B4650072B998 /* Profile.swift */,
			);
			path = Model;
			sourceTree = "<group>";
		};
		EB2DE59929688FF700881ABC /* Views */ = {
			isa = PBXGroup;
			children = (
				EBABB7762970B4DD0072B998 /* Profiles */,
				EBABB770297027B60072B998 /* CategoryRow.swift */,
				EB011868296DEC3C0036A8FD /* Hikes */,
				EB9D84BA2968362000289C77 /* ContentView.swift */,
				EBABB772297053A80072B998 /* CategoryItem.swift */,
			);
			path = Views;
			sourceTree = "<group>";
		};
		EB2DE5A2296C7BF200881ABC /* Helpers */ = {
			isa = PBXGroup;
			children = (
				EB9D84CA29686BA100289C77 /* MapView.swift */,
				EB9D84C82968682E00289C77 /* CircleImage.swift */,
				EB2DE5A0296C768F00881ABC /* FavoriteButton.swift */,
			);
			path = Helpers;
			sourceTree = "<group>";
		};
		EB2DE5A3296C7C2400881ABC /* Landmarks */ = {
			isa = PBXGroup;
			children = (
				EB2DE59A29689EE000881ABC /* LadmarkRow.swift */,
				EB2DE59C2968C0DA00881ABC /* LandmarkList.swift */,
				EB2DE59E2968C8F300881ABC /* LandmarkDetail.swift */,
			);
			path = Landmarks;
			sourceTree = "<group>";
		};
		EB2DE5AE296DA05F00881ABC /* Badges */ = {
			isa = PBXGroup;
			children = (
				EB2DE5A4296CA06800881ABC /* HexagonParameters.swift */,
				EB2DE5AA296D72FD00881ABC /* RotatedBadgeSymbol.swift */,
				EB2DE5A6296CB30600881ABC /* BadgeBackground.swift */,
				EB2DE5A8296D5D9000881ABC /* BadgeSymbol.swift */,
				EB2DE5AC296D86EB00881ABC /* Badge.swift */,
			);
			path = Badges;
			sourceTree = "<group>";
		};
		EB9D84AC2968362000289C77 = {
			isa = PBXGroup;
			children = (
				EB9D84B72968362000289C77 /* Landmarks */,
				EB9D84B62968362000289C77 /* Products */,
			);
			sourceTree = "<group>";
		};
		EB9D84B62968362000289C77 /* Products */ = {
			isa = PBXGroup;
			children = (
				EB9D84B52968362000289C77 /* Landmarks.app */,
			);
			name = Products;
			sourceTree = "<group>";
		};
		EB9D84B72968362000289C77 /* Landmarks */ = {
			isa = PBXGroup;
			children = (
				EBABB77F2971F18C0072B998 /* PageView */,
				EB011871296F57E40036A8FD /* Categories */,
				EB2DE5AE296DA05F00881ABC /* Badges */,
				EB2DE5A3296C7C2400881ABC /* Landmarks */,
				EB2DE5A2296C7BF200881ABC /* Helpers */,
				EB2DE59929688FF700881ABC /* Views */,
				EB2DE59829688FD400881ABC /* Model */,
				EB9D84B82968362000289C77 /* LandmarksApp.swift */,
				EB9D84BC2968362200289C77 /* Assets.xcassets */,
				EB9D84BE2968362200289C77 /* Preview Content */,
				EB9D84CC2968800C00289C77 /* landmarkData.json */,
				EB5B5BB2296DC663004CB5D7 /* hikeData.json */,
			);
			path = Landmarks;
			sourceTree = "<group>";
		};
		EB9D84BE2968362200289C77 /* Preview Content */ = {
			isa = PBXGroup;
			children = (
				EB9D84BF2968362200289C77 /* Preview Assets.xcassets */,
			);
			path = "Preview Content";
			sourceTree = "<group>";
		};
		EBABB7762970B4DD0072B998 /* Profiles */ = {
			isa = PBXGroup;
			children = (
				EBABB7772970B5080072B998 /* ProfileHost.swift */,
				EBABB7792970B7010072B998 /* ProfileSummary.swift */,
				EBABB77D2971B7540072B998 /* ProfileEditor.swift */,
			);
			path = Profiles;
			sourceTree = "<group>";
		};
		EBABB77F2971F18C0072B998 /* PageView */ = {
			isa = PBXGroup;
			children = (
				EBABB7802971F1BF0072B998 /* PageViewController.swift */,
				EB7C19CF29733BE6009E3C42 /* PageView.swift */,
				EB7C19CD2972D1E6009E3C42 /* FeatureCard.swift */,
				EB7C19D129735955009E3C42 /* PageControl.swift */,
			);
			path = PageView;
			sourceTree = "<group>";
		};
/* End PBXGroup section */

/* Begin PBXNativeTarget section */
		EB9D84B42968362000289C77 /* Landmarks */ = {
			isa = PBXNativeTarget;
			buildConfigurationList = EB9D84C32968362200289C77 /* Build configuration list for PBXNativeTarget "Landmarks" */;
			buildPhases = (
				EB9D84B12968362000289C77 /* Sources */,
				EB9D84B22968362000289C77 /* Frameworks */,
				EB9D84B32968362000289C77 /* Resources */,
			);
			buildRules = (
			);
			dependencies = (
			);
			name = Landmarks;
			productName = Landmarks;
			productReference = EB9D84B52968362000289C77 /* Landmarks.app */;
			productType = "com.apple.product-type.application";
		};
/* End PBXNativeTarget section */

/* Begin PBXProject section */
		EB9D84AD2968362000289C77 /* Project object */ = {
			isa = PBXProject;
			attributes = {
				BuildIndependentTargetsInParallel = 1;
				LastSwiftUpdateCheck = 1410;
				LastUpgradeCheck = 1410;
				TargetAttributes = {
					EB9D84B42968362000289C77 = {
						CreatedOnToolsVersion = 14.1;
					};
				};
			};
			buildConfigurationList = EB9D84B02968362000289C77 /* Build configuration list for PBXProject "Landmarks" */;
			compatibilityVersion = "Xcode 14.0";
			developmentRegion = en;
			hasScannedForEncodings = 0;
			knownRegions = (
				en,
				Base,
			);
			mainGroup = EB9D84AC2968362000289C77;
			productRefGroup = EB9D84B62968362000289C77 /* Products */;
			projectDirPath = "";
			projectRoot = "";
			targets = (
				EB9D84B42968362000289C77 /* Landmarks */,
			);
		};
/* End PBXProject section */

/* Begin PBXResourcesBuildPhase section */
		EB9D84B32968362000289C77 /* Resources */ = {
			isa = PBXResourcesBuildPhase;
			buildActionMask = 2147483647;
			files = (
				EB5B5BB3296DC663004CB5D7 /* hikeData.json in Resources */,
				EB9D84C02968362200289C77 /* Preview Assets.xcassets in Resources */,
				EB9D84BD2968362200289C77 /* Assets.xcassets in Resources */,
				EB9D84CD2968800D00289C77 /* landmarkData.json in Resources */,
			);
			runOnlyForDeploymentPostprocessing = 0;
		};
/* End PBXResourcesBuildPhase section */

/* Begin PBXSourcesBuildPhase section */
		EB9D84B12968362000289C77 /* Sources */ = {
			isa = PBXSourcesBuildPhase;
			buildActionMask = 2147483647;
			files = (
				EBABB771297027B60072B998 /* CategoryRow.swift in Sources */,
				EBABB7752970B4650072B998 /* Profile.swift in Sources */,
				EB9D84BB2968362000289C77 /* ContentView.swift in Sources */,
				EB011873296F580F0036A8FD /* CategoryHome.swift in Sources */,
				EB7C19CE2972D1E6009E3C42 /* FeatureCard.swift in Sources */,
				EB01186E296DEC3C0036A8FD /* HikeGraph.swift in Sources */,
				EB2DE5AD296D86EB00881ABC /* Badge.swift in Sources */,
				EB9D84CB29686BA100289C77 /* MapView.swift in Sources */,
				EB01186D296DEC3C0036A8FD /* GraphCapsule.swift in Sources */,
				EB9D84B92968362000289C77 /* LandmarksApp.swift in Sources */,
				EB7C19D229735955009E3C42 /* PageControl.swift in Sources */,
				EB2DE5A1296C768F00881ABC /* FavoriteButton.swift in Sources */,
				EBABB773297053A90072B998 /* CategoryItem.swift in Sources */,
				EB01186F296DEC3C0036A8FD /* HikeDetail.swift in Sources */,
				EBABB77A2970B7010072B998 /* ProfileSummary.swift in Sources */,
				EB2DE5A5296CA06800881ABC /* HexagonParameters.swift in Sources */,
				EBABB7782970B5080072B998 /* ProfileHost.swift in Sources */,
				EB5B5BB5296DC69F004CB5D7 /* Hike.swift in Sources */,
				EB2DE5AB296D72FD00881ABC /* RotatedBadgeSymbol.swift in Sources */,
				EB7C19D029733BE6009E3C42 /* PageView.swift in Sources */,
				EB2DE5A9296D5D9000881ABC /* BadgeSymbol.swift in Sources */,
				EBABB77E2971B7540072B998 /* ProfileEditor.swift in Sources */,
				EB2DE59D2968C0DA00881ABC /* LandmarkList.swift in Sources */,
				EB011870296DEC3C0036A8FD /* HikeView.swift in Sources */,
				EB2DE59F2968C8F300881ABC /* LandmarkDetail.swift in Sources */,
				EBABB7812971F1BF0072B998 /* PageViewController.swift in Sources */,
				EB2DE5A7296CB30600881ABC /* BadgeBackground.swift in Sources */,
				EBABB77C297148A70072B998 /* HikeBadge.swift in Sources */,
				EB2DE59B29689EE000881ABC /* LadmarkRow.swift in Sources */,
				EB9D84C92968682E00289C77 /* CircleImage.swift in Sources */,
				EB9D84CF2968803A00289C77 /* Landmark.swift in Sources */,
				EB2DE59729688AFD00881ABC /* ModelData.swift in Sources */,
			);
			runOnlyForDeploymentPostprocessing = 0;
		};
/* End PBXSourcesBuildPhase section */

/* Begin XCBuildConfiguration section */
		EB9D84C12968362200289C77 /* Debug */ = {
			isa = XCBuildConfiguration;
			buildSettings = {
				ALWAYS_SEARCH_USER_PATHS = NO;
				CLANG_ANALYZER_NONNULL = YES;
				CLANG_ANALYZER_NUMBER_OBJECT_CONVERSION = YES_AGGRESSIVE;
				CLANG_CXX_LANGUAGE_STANDARD = "gnu++20";
				CLANG_ENABLE_MODULES = YES;
				CLANG_ENABLE_OBJC_ARC = YES;
				CLANG_ENABLE_OBJC_WEAK = YES;
				CLANG_WARN_BLOCK_CAPTURE_AUTORELEASING = YES;
				CLANG_WARN_BOOL_CONVERSION = YES;
				CLANG_WARN_COMMA = YES;
				CLANG_WARN_CONSTANT_CONVERSION = YES;
				CLANG_WARN_DEPRECATED_OBJC_IMPLEMENTATIONS = YES;
				CLANG_WARN_DIRECT_OBJC_ISA_USAGE = YES_ERROR;
				CLANG_WARN_DOCUMENTATION_COMMENTS = YES;
				CLANG_WARN_EMPTY_BODY = YES;
				CLANG_WARN_ENUM_CONVERSION = YES;
				CLANG_WARN_INFINITE_RECURSION = YES;
				CLANG_WARN_INT_CONVERSION = YES;
				CLANG_WARN_NON_LITERAL_NULL_CONVERSION = YES;
				CLANG_WARN_OBJC_IMPLICIT_RETAIN_SELF = YES;
				CLANG_WARN_OBJC_LITERAL_CONVERSION = YES;
				CLANG_WARN_OBJC_ROOT_CLASS = YES_ERROR;
				CLANG_WARN_QUOTED_INCLUDE_IN_FRAMEWORK_HEADER = YES;
				CLANG_WARN_RANGE_LOOP_ANALYSIS = YES;
				CLANG_WARN_STRICT_PROTOTYPES = YES;
				CLANG_WARN_SUSPICIOUS_MOVE = YES;
				CLANG_WARN_UNGUARDED_AVAILABILITY = YES_AGGRESSIVE;
				CLANG_WARN_UNREACHABLE_CODE = YES;
				CLANG_WARN__DUPLICATE_METHOD_MATCH = YES;
				COPY_PHASE_STRIP = NO;
				DEBUG_INFORMATION_FORMAT = dwarf;
				ENABLE_STRICT_OBJC_MSGSEND = YES;
				ENABLE_TESTABILITY = YES;
				GCC_C_LANGUAGE_STANDARD = gnu11;
				GCC_DYNAMIC_NO_PIC = NO;
				GCC_NO_COMMON_BLOCKS = YES;
				GCC_OPTIMIZATION_LEVEL = 0;
				GCC_PREPROCESSOR_DEFINITIONS = (
					"DEBUG=1",
					"$(inherited)",
				);
				GCC_WARN_64_TO_32_BIT_CONVERSION = YES;
				GCC_WARN_ABOUT_RETURN_TYPE = YES_ERROR;
				GCC_WARN_UNDECLARED_SELECTOR = YES;
				GCC_WARN_UNINITIALIZED_AUTOS = YES_AGGRESSIVE;
				GCC_WARN_UNUSED_FUNCTION = YES;
				GCC_WARN_UNUSED_VARIABLE = YES;
				IPHONEOS_DEPLOYMENT_TARGET = 16.1;
				MTL_ENABLE_DEBUG_INFO = INCLUDE_SOURCE;
				MTL_FAST_MATH = YES;
				ONLY_ACTIVE_ARCH = YES;
				SDKROOT = iphoneos;
				SWIFT_ACTIVE_COMPILATION_CONDITIONS = DEBUG;
				SWIFT_OPTIMIZATION_LEVEL = "-Onone";
			};
			name = Debug;
		};
		EB9D84C22968362200289C77 /* Release */ = {
			isa = XCBuildConfiguration;
			buildSettings = {
				ALWAYS_SEARCH_USER_PATHS = NO;
				CLANG_ANALYZER_NONNULL = YES;
				CLANG_ANALYZER_NUMBER_OBJECT_CONVERSION = YES_AGGRESSIVE;
				CLANG_CXX_LANGUAGE_STANDARD = "gnu++20";
				CLANG_ENABLE_MODULES = YES;
				CLANG_ENABLE_OBJC_ARC = YES;
				CLANG_ENABLE_OBJC_WEAK = YES;
				CLANG_WARN_BLOCK_CAPTURE_AUTORELEASING = YES;
				CLANG_WARN_BOOL_CONVERSION = YES;
				CLANG_WARN_COMMA = YES;
				CLANG_WARN_CONSTANT_CONVERSION = YES;
				CLANG_WARN_DEPRECATED_OBJC_IMPLEMENTATIONS = YES;
				CLANG_WARN_DIRECT_OBJC_ISA_USAGE = YES_ERROR;
				CLANG_WARN_DOCUMENTATION_COMMENTS = YES;
				CLANG_WARN_EMPTY_BODY = YES;
				CLANG_WARN_ENUM_CONVERSION = YES;
				CLANG_WARN_INFINITE_RECURSION = YES;
				CLANG_WARN_INT_CONVERSION = YES;
				CLANG_WARN_NON_LITERAL_NULL_CONVERSION = YES;
				CLANG_WARN_OBJC_IMPLICIT_RETAIN_SELF = YES;
				CLANG_WARN_OBJC_LITERAL_CONVERSION = YES;
				CLANG_WARN_OBJC_ROOT_CLASS = YES_ERROR;
				CLANG_WARN_QUOTED_INCLUDE_IN_FRAMEWORK_HEADER = YES;
				CLANG_WARN_RANGE_LOOP_ANALYSIS = YES;
				CLANG_WARN_STRICT_PROTOTYPES = YES;
				CLANG_WARN_SUSPICIOUS_MOVE = YES;
				CLANG_WARN_UNGUARDED_AVAILABILITY = YES_AGGRESSIVE;
				CLANG_WARN_UNREACHABLE_CODE = YES;
				CLANG_WARN__DUPLICATE_METHOD_MATCH = YES;
				COPY_PHASE_STRIP = NO;
				DEBUG_INFORMATION_FORMAT = "dwarf-with-dsym";
				ENABLE_NS_ASSERTIONS = NO;
				ENABLE_STRICT_OBJC_MSGSEND = YES;
				GCC_C_LANGUAGE_STANDARD = gnu11;
				GCC_NO_COMMON_BLOCKS = YES;
				GCC_WARN_64_TO_32_BIT_CONVERSION = YES;
				GCC_WARN_ABOUT_RETURN_TYPE = YES_ERROR;
				GCC_WARN_UNDECLARED_SELECTOR = YES;
				GCC_WARN_UNINITIALIZED_AUTOS = YES_AGGRESSIVE;
				GCC_WARN_UNUSED_FUNCTION = YES;
				GCC_WARN_UNUSED_VARIABLE = YES;
				IPHONEOS_DEPLOYMENT_TARGET = 16.1;
				MTL_ENABLE_DEBUG_INFO = NO;
				MTL_FAST_MATH = YES;
				SDKROOT = iphoneos;
				SWIFT_COMPILATION_MODE = wholemodule;
				SWIFT_OPTIMIZATION_LEVEL = "-O";
				VALIDATE_PRODUCT = YES;
			};
			name = Release;
		};
		EB9D84C42968362200289C77 /* Debug */ = {
			isa = XCBuildConfiguration;
			buildSettings = {
				ASSETCATALOG_COMPILER_APPICON_NAME = AppIcon;
				ASSETCATALOG_COMPILER_GLOBAL_ACCENT_COLOR_NAME = AccentColor;
				CODE_SIGN_STYLE = Automatic;
				CURRENT_PROJECT_VERSION = 1;
				DEVELOPMENT_ASSET_PATHS = "\"Landmarks/Preview Content\"";
				DEVELOPMENT_TEAM = CKHMRT75AT;
				ENABLE_PREVIEWS = YES;
				GENERATE_INFOPLIST_FILE = YES;
				INFOPLIST_KEY_UIApplicationSceneManifest_Generation = YES;
				INFOPLIST_KEY_UIApplicationSupportsIndirectInputEvents = YES;
				INFOPLIST_KEY_UILaunchScreen_Generation = YES;
				INFOPLIST_KEY_UISupportedInterfaceOrientations_iPad = "UIInterfaceOrientationPortrait UIInterfaceOrientationPortraitUpsideDown UIInterfaceOrientationLandscapeLeft UIInterfaceOrientationLandscapeRight";
				INFOPLIST_KEY_UISupportedInterfaceOrientations_iPhone = "UIInterfaceOrientationPortrait UIInterfaceOrientationLandscapeLeft UIInterfaceOrientationLandscapeRight";
				LD_RUNPATH_SEARCH_PATHS = (
					"$(inherited)",
					"@executable_path/Frameworks",
				);
				MARKETING_VERSION = 1.0;
				PRODUCT_BUNDLE_IDENTIFIER = com.giria.Landmarks;
				PRODUCT_NAME = "$(TARGET_NAME)";
				SWIFT_EMIT_LOC_STRINGS = YES;
				SWIFT_VERSION = 5.0;
				TARGETED_DEVICE_FAMILY = "1,2";
			};
			name = Debug;
		};
		EB9D84C52968362200289C77 /* Release */ = {
			isa = XCBuildConfiguration;
			buildSettings = {
				ASSETCATALOG_COMPILER_APPICON_NAME = AppIcon;
				ASSETCATALOG_COMPILER_GLOBAL_ACCENT_COLOR_NAME = AccentColor;
				CODE_SIGN_STYLE = Automatic;
				CURRENT_PROJECT_VERSION = 1;
				DEVELOPMENT_ASSET_PATHS = "\"Landmarks/Preview Content\"";
				DEVELOPMENT_TEAM = CKHMRT75AT;
				ENABLE_PREVIEWS = YES;
				GENERATE_INFOPLIST_FILE = YES;
				INFOPLIST_KEY_UIApplicationSceneManifest_Generation = YES;
				INFOPLIST_KEY_UIApplicationSupportsIndirectInputEvents = YES;
				INFOPLIST_KEY_UILaunchScreen_Generation = YES;
				INFOPLIST_KEY_UISupportedInterfaceOrientations_iPad = "UIInterfaceOrientationPortrait UIInterfaceOrientationPortraitUpsideDown UIInterfaceOrientationLandscapeLeft UIInterfaceOrientationLandscapeRight";
				INFOPLIST_KEY_UISupportedInterfaceOrientations_iPhone = "UIInterfaceOrientationPortrait UIInterfaceOrientationLandscapeLeft UIInterfaceOrientationLandscapeRight";
				LD_RUNPATH_SEARCH_PATHS = (
					"$(inherited)",
					"@executable_path/Frameworks",
				);
				MARKETING_VERSION = 1.0;
				PRODUCT_BUNDLE_IDENTIFIER = com.giria.Landmarks;
				PRODUCT_NAME = "$(TARGET_NAME)";
				SWIFT_EMIT_LOC_STRINGS = YES;
				SWIFT_VERSION = 5.0;
				TARGETED_DEVICE_FAMILY = "1,2";
			};
			name = Release;
		};
/* End XCBuildConfiguration section */

/* Begin XCConfigurationList section */
		EB9D84B02968362000289C77 /* Build configuration list for PBXProject "Landmarks" */ = {
			isa = XCConfigurationList;
			buildConfigurations = (
				EB9D84C12968362200289C77 /* Debug */,
				EB9D84C22968362200289C77 /* Release */,
			);
			defaultConfigurationIsVisible = 0;
			defaultConfigurationName = Release;
		};
		EB9D84C32968362200289C77 /* Build configuration list for PBXNativeTarget "Landmarks" */ = {
			isa = XCConfigurationList;
			buildConfigurations = (
				EB9D84C42968362200289C77 /* Debug */,
				EB9D84C52968362200289C77 /* Release */,
			);
			defaultConfigurationIsVisible = 0;
			defaultConfigurationName = Release;
		};
/* End XCConfigurationList section */
	};
	rootObject = EB9D84AD2968362000289C77 /* Project object */;
}
